
Microsoft Visual Studio Solution File, Format Version 12.00
# Visual Studio Version 17
VisualStudioVersion = 17.9.34714.143
MinimumVisualStudioVersion = 10.0.40219.1
Project("{8BC9CEB8-8B4A-11D0-8D11-00A0C91BC942}") = "fat32", "fat32.vcxproj", "{892C71BD-4577-4EB7-97EF-DC3F7F6C0B4E}"
EndProject
Global
	GlobalSection(SolutionConfigurationPlatforms) = preSolution
		Debug|x64 = Debug|x64
		Debug|x86 = Debug|x86
		Release|x64 = Release|x64
		Release|x86 = Release|x86
	EndGlobalSection
	GlobalSection(ProjectConfigurationPlatforms) = postSolution
		{892C71BD-4577-4EB7-97EF-DC3F7F6C0B4E}.Debug|x64.ActiveCfg = Debug|x64
		{892C71BD-4577-4EB7-97EF-DC3F7F6C0B4E}.Debug|x64.Build.0 = Debug|x64
		{892C71BD-4577-4EB7-97EF-DC3F7F6C0B4E}.Debug|x86.ActiveCfg = Debug|Win32
		{892C71BD-4577-4EB7-97EF-DC3F7F6C0B4E}.Debug|x86.Build.0 = Debug|Win32
		{892C71BD-4577-4EB7-97EF-DC3F7F6C0B4E}.Release|x64.ActiveCfg = Release|x64
		{892C71BD-4577-4EB7-97EF-DC3F7F6C0B4E}.Release|x64.Build.0 = Release|x64
		{892C71BD-4577-4EB7-97EF-DC3F7F6C0B4E}.Release|x86.ActiveCfg = Release|Win32
		{892C71BD-4577-4EB7-97EF-DC3F7F6C0B4E}.Release|x86.Build.0 = Release|Win32
	EndGlobalSection
	GlobalSection(SolutionProperties) = preSolution
		HideSolutionNode = FALSE
	EndGlobalSection
	GlobalSection(ExtensibilityGlobals) = postSolution
		SolutionGuid = {EAB0258E-5BB6-438F-999E-1F54BB0EB311}
	EndGlobalSection
EndGlobal
